
Microsoft Visual Studio Solution File, Format Version 12.00
# Visual Studio Version 16
VisualStudioVersion = 16.0.31410.357
MinimumVisualStudioVersion = 10.0.40219.1
Project("{FAE04EC0-301F-11D3-BF4B-00C04F79EFBC}") = "LookAheadSearch.Web", "LookAheadSearch.Web\LookAheadSearch.Web.csproj", "{172536C7-377A-4A2A-9DED-5AB69587CFCC}"
EndProject
Project("{FAE04EC0-301F-11D3-BF4B-00C04F79EFBC}") = "LookAheadSearch.Tests", "LookAheadSearch.Tests\LookAheadSearch.Tests.csproj", "{B2C3868C-B686-49DD-86BD-7A8ADE767320}"
EndProject
Global
	GlobalSection(SolutionConfigurationPlatforms) = preSolution
		Debug|Any CPU = Debug|Any CPU
		Release|Any CPU = Release|Any CPU
	EndGlobalSection
	GlobalSection(ProjectConfigurationPlatforms) = postSolution
		{172536C7-377A-4A2A-9DED-5AB69587CFCC}.Debug|Any CPU.ActiveCfg = Debug|Any CPU
		{172536C7-377A-4A2A-9DED-5AB69587CFCC}.Debug|Any CPU.Build.0 = Debug|Any CPU
		{172536C7-377A-4A2A-9DED-5AB69587CFCC}.Release|Any CPU.ActiveCfg = Release|Any CPU
		{172536C7-377A-4A2A-9DED-5AB69587CFCC}.Release|Any CPU.Build.0 = Release|Any CPU
		{B2C3868C-B686-49DD-86BD-7A8ADE767320}.Debug|Any CPU.ActiveCfg = Debug|Any CPU
		{B2C3868C-B686-49DD-86BD-7A8ADE767320}.Debug|Any CPU.Build.0 = Debug|Any CPU
		{B2C3868C-B686-49DD-86BD-7A8ADE767320}.Release|Any CPU.ActiveCfg = Release|Any CPU
		{B2C3868C-B686-49DD-86BD-7A8ADE767320}.Release|Any CPU.Build.0 = Release|Any CPU
	EndGlobalSection
	GlobalSection(SolutionProperties) = preSolution
		HideSolutionNode = FALSE
	EndGlobalSection
	GlobalSection(ExtensibilityGlobals) = postSolution
		SolutionGuid = {49F77DF5-78F6-4386-AC80-0374617767C7}
	EndGlobalSection
EndGlobal
